
Microsoft Visual Studio Solution File, Format Version 12.00
# Visual Studio 15
VisualStudioVersion = 15.0.26430.16
MinimumVisualStudioVersion = 10.0.40219.1
Project("{FAE04EC0-301F-11D3-BF4B-00C04F79EFBC}") = "Xamarin.Forms_Layouts.Android", "Xamarin.Forms Layouts\Xamarin.Forms_Layouts.Android\Xamarin.Forms_Layouts.Android.csproj", "{C2975DA2-BCDD-4D68-9A2A-6B3051AE16A1}"
EndProject
Project("{FAE04EC0-301F-11D3-BF4B-00C04F79EFBC}") = "Xamarin.Forms_Layouts", "Xamarin.Forms Layouts\Xamarin.Forms_Layouts\Xamarin.Forms_Layouts.csproj", "{4059DA37-5C85-4012-8E0A-A9CB7C1374AC}"
EndProject
Project("{FAE04EC0-301F-11D3-BF4B-00C04F79EFBC}") = "Xamarin.Forms_Layouts.UWP", "Xamarin.Forms Layouts\Xamarin.Forms_Layouts.UWP\Xamarin.Forms_Layouts.UWP.csproj", "{D7BE4B75-5F01-4954-BCA7-664F5E273214}"
EndProject
Project("{FAE04EC0-301F-11D3-BF4B-00C04F79EFBC}") = "Xamarin.Forms_Layouts.iOS", "Xamarin.Forms Layouts\Xamarin.Forms_Layouts.iOS\Xamarin.Forms_Layouts.iOS.csproj", "{EA2BFE4E-F053-4D91-94F1-A5C096BF96F4}"
EndProject
Global
	GlobalSection(SolutionConfigurationPlatforms) = preSolution
		Ad-Hoc|Any CPU = Ad-Hoc|Any CPU
		Ad-Hoc|ARM = Ad-Hoc|ARM
		Ad-Hoc|iPhone = Ad-Hoc|iPhone
		Ad-Hoc|iPhoneSimulator = Ad-Hoc|iPhoneSimulator
		Ad-Hoc|x64 = Ad-Hoc|x64
		Ad-Hoc|x86 = Ad-Hoc|x86
		AppStore|Any CPU = AppStore|Any CPU
		AppStore|ARM = AppStore|ARM
		AppStore|iPhone = AppStore|iPhone
		AppStore|iPhoneSimulator = AppStore|iPhoneSimulator
		AppStore|x64 = AppStore|x64
		AppStore|x86 = AppStore|x86
		Debug|Any CPU = Debug|Any CPU
		Debug|ARM = Debug|ARM
		Debug|iPhone = Debug|iPhone
		Debug|iPhoneSimulator = Debug|iPhoneSimulator
		Debug|x64 = Debug|x64
		Debug|x86 = Debug|x86
		Release|Any CPU = Release|Any CPU
		Release|ARM = Release|ARM
		Release|iPhone = Release|iPhone
		Release|iPhoneSimulator = Release|iPhoneSimulator
		Release|x64 = Release|x64
		Release|x86 = Release|x86
	EndGlobalSection
	GlobalSection(ProjectConfigurationPlatforms) = postSolution
		{C2975DA2-BCDD-4D68-9A2A-6B3051AE16A1}.Ad-Hoc|Any CPU.ActiveCfg = Release|Any CPU
		{C2975DA2-BCDD-4D68-9A2A-6B3051AE16A1}.Ad-Hoc|Any CPU.Build.0 = Release|Any CPU
		{C2975DA2-BCDD-4D68-9A2A-6B3051AE16A1}.Ad-Hoc|Any CPU.Deploy.0 = Release|Any CPU
		{C2975DA2-BCDD-4D68-9A2A-6B3051AE16A1}.Ad-Hoc|ARM.ActiveCfg = Release|Any CPU
		{C2975DA2-BCDD-4D68-9A2A-6B3051AE16A1}.Ad-Hoc|ARM.Build.0 = Release|Any CPU
		{C2975DA2-BCDD-4D68-9A2A-6B3051AE16A1}.Ad-Hoc|ARM.Deploy.0 = Release|Any CPU
		{C2975DA2-BCDD-4D68-9A2A-6B3051AE16A1}.Ad-Hoc|iPhone.ActiveCfg = Release|Any CPU
		{C2975DA2-BCDD-4D68-9A2A-6B3051AE16A1}.Ad-Hoc|iPhone.Build.0 = Release|Any CPU
		{C2975DA2-BCDD-4D68-9A2A-6B3051AE16A1}.Ad-Hoc|iPhone.Deploy.0 = Release|Any CPU
		{C2975DA2-BCDD-4D68-9A2A-6B3051AE16A1}.Ad-Hoc|iPhoneSimulator.ActiveCfg = Release|Any CPU
		{C2975DA2-BCDD-4D68-9A2A-6B3051AE16A1}.Ad-Hoc|iPhoneSimulator.Build.0 = Release|Any CPU
		{C2975DA2-BCDD-4D68-9A2A-6B3051AE16A1}.Ad-Hoc|iPhoneSimulator.Deploy.0 = Release|Any CPU
		{C2975DA2-BCDD-4D68-9A2A-6B3051AE16A1}.Ad-Hoc|x64.ActiveCfg = Release|Any CPU
		{C2975DA2-BCDD-4D68-9A2A-6B3051AE16A1}.Ad-Hoc|x64.Build.0 = Release|Any CPU
		{C2975DA2-BCDD-4D68-9A2A-6B3051AE16A1}.Ad-Hoc|x64.Deploy.0 = Release|Any CPU
		{C2975DA2-BCDD-4D68-9A2A-6B3051AE16A1}.Ad-Hoc|x86.ActiveCfg = Release|Any CPU
		{C2975DA2-BCDD-4D68-9A2A-6B3051AE16A1}.Ad-Hoc|x86.Build.0 = Release|Any CPU
		{C2975DA2-BCDD-4D68-9A2A-6B3051AE16A1}.Ad-Hoc|x86.Deploy.0 = Release|Any CPU
		{C2975DA2-BCDD-4D68-9A2A-6B3051AE16A1}.AppStore|Any CPU.ActiveCfg = Release|Any CPU
		{C2975DA2-BCDD-4D68-9A2A-6B3051AE16A1}.AppStore|Any CPU.Build.0 = Release|Any CPU
		{C2975DA2-BCDD-4D68-9A2A-6B3051AE16A1}.AppStore|Any CPU.Deploy.0 = Release|Any CPU
		{C2975DA2-BCDD-4D68-9A2A-6B3051AE16A1}.AppStore|ARM.ActiveCfg = Release|Any CPU
		{C2975DA2-BCDD-4D68-9A2A-6B3051AE16A1}.AppStore|ARM.Build.0 = Release|Any CPU
		{C2975DA2-BCDD-4D68-9A2A-6B3051AE16A1}.AppStore|ARM.Deploy.0 = Release|Any CPU
		{C2975DA2-BCDD-4D68-9A2A-6B3051AE16A1}.AppStore|iPhone.ActiveCfg = Release|Any CPU
		{C2975DA2-BCDD-4D68-9A2A-6B3051AE16A1}.AppStore|iPhone.Build.0 = Release|Any CPU
		{C2975DA2-BCDD-4D68-9A2A-6B3051AE16A1}.AppStore|iPhone.Deploy.0 = Release|Any CPU
		{C2975DA2-BCDD-4D68-9A2A-6B3051AE16A1}.AppStore|iPhoneSimulator.ActiveCfg = Release|Any CPU
		{C2975DA2-BCDD-4D68-9A2A-6B3051AE16A1}.AppStore|iPhoneSimulator.Build.0 = Release|Any CPU
		{C2975DA2-BCDD-4D68-9A2A-6B3051AE16A1}.AppStore|iPhoneSimulator.Deploy.0 = Release|Any CPU
		{C2975DA2-BCDD-4D68-9A2A-6B3051AE16A1}.AppStore|x64.ActiveCfg = Release|Any CPU
		{C2975DA2-BCDD-4D68-9A2A-6B3051AE16A1}.AppStore|x64.Build.0 = Release|Any CPU
		{C2975DA2-BCDD-4D68-9A2A-6B3051AE16A1}.AppStore|x64.Deploy.0 = Release|Any CPU
		{C2975DA2-BCDD-4D68-9A2A-6B3051AE16A1}.AppStore|x86.ActiveCfg = Release|Any CPU
		{C2975DA2-BCDD-4D68-9A2A-6B3051AE16A1}.AppStore|x86.Build.0 = Release|Any CPU
		{C2975DA2-BCDD-4D68-9A2A-6B3051AE16A1}.AppStore|x86.Deploy.0 = Release|Any CPU
		{C2975DA2-BCDD-4D68-9A2A-6B3051AE16A1}.Debug|Any CPU.ActiveCfg = Debug|Any CPU
		{C2975DA2-BCDD-4D68-9A2A-6B3051AE16A1}.Debug|Any CPU.Build.0 = Debug|Any CPU
		{C2975DA2-BCDD-4D68-9A2A-6B3051AE16A1}.Debug|Any CPU.Deploy.0 = Debug|Any CPU
		{C2975DA2-BCDD-4D68-9A2A-6B3051AE16A1}.Debug|ARM.ActiveCfg = Debug|Any CPU
		{C2975DA2-BCDD-4D68-9A2A-6B3051AE16A1}.Debug|ARM.Build.0 = Debug|Any CPU
		{C2975DA2-BCDD-4D68-9A2A-6B3051AE16A1}.Debug|ARM.Deploy.0 = Debug|Any CPU
		{C2975DA2-BCDD-4D68-9A2A-6B3051AE16A1}.Debug|iPhone.ActiveCfg = Debug|Any CPU
		{C2975DA2-BCDD-4D68-9A2A-6B3051AE16A1}.Debug|iPhone.Build.0 = Debug|Any CPU
		{C2975DA2-BCDD-4D68-9A2A-6B3051AE16A1}.Debug|iPhone.Deploy.0 = Debug|Any CPU
		{C2975DA2-BCDD-4D68-9A2A-6B3051AE16A1}.Debug|iPhoneSimulator.ActiveCfg = Debug|Any CPU
		{C2975DA2-BCDD-4D68-9A2A-6B3051AE16A1}.Debug|iPhoneSimulator.Build.0 = Debug|Any CPU
		{C2975DA2-BCDD-4D68-9A2A-6B3051AE16A1}.Debug|iPhoneSimulator.Deploy.0 = Debug|Any CPU
		{C2975DA2-BCDD-4D68-9A2A-6B3051AE16A1}.Debug|x64.ActiveCfg = Debug|Any CPU
		{C2975DA2-BCDD-4D68-9A2A-6B3051AE16A1}.Debug|x64.Build.0 = Debug|Any CPU
		{C2975DA2-BCDD-4D68-9A2A-6B3051AE16A1}.Debug|x64.Deploy.0 = Debug|Any CPU
		{C2975DA2-BCDD-4D68-9A2A-6B3051AE16A1}.Debug|x86.ActiveCfg = Debug|Any CPU
		{C2975DA2-BCDD-4D68-9A2A-6B3051AE16A1}.Debug|x86.Build.0 = Debug|Any CPU
		{C2975DA2-BCDD-4D68-9A2A-6B3051AE16A1}.Debug|x86.Deploy.0 = Debug|Any CPU
		{C2975DA2-BCDD-4D68-9A2A-6B3051AE16A1}.Release|Any CPU.ActiveCfg = Release|Any CPU
		{C2975DA2-BCDD-4D68-9A2A-6B3051AE16A1}.Release|Any CPU.Build.0 = Release|Any CPU
		{C2975DA2-BCDD-4D68-9A2A-6B3051AE16A1}.Release|Any CPU.Deploy.0 = Release|Any CPU
		{C2975DA2-BCDD-4D68-9A2A-6B3051AE16A1}.Release|ARM.ActiveCfg = Release|Any CPU
		{C2975DA2-BCDD-4D68-9A2A-6B3051AE16A1}.Release|ARM.Build.0 = Release|Any CPU
		{C2975DA2-BCDD-4D68-9A2A-6B3051AE16A1}.Release|ARM.Deploy.0 = Release|Any CPU
		{C2975DA2-BCDD-4D68-9A2A-6B3051AE16A1}.Release|iPhone.ActiveCfg = Release|Any CPU
		{C2975DA2-BCDD-4D68-9A2A-6B3051AE16A1}.Release|iPhone.Build.0 = Release|Any CPU
		{C2975DA2-BCDD-4D68-9A2A-6B3051AE16A1}.Release|iPhone.Deploy.0 = Release|Any CPU
		{C2975DA2-BCDD-4D68-9A2A-6B3051AE16A1}.Release|iPhoneSimulator.ActiveCfg = Release|Any CPU
		{C2975DA2-BCDD-4D68-9A2A-6B3051AE16A1}.Release|iPhoneSimulator.Build.0 = Release|Any CPU
		{C2975DA2-BCDD-4D68-9A2A-6B3051AE16A1}.Release|iPhoneSimulator.Deploy.0 = Release|Any CPU
		{C2975DA2-BCDD-4D68-9A2A-6B3051AE16A1}.Release|x64.ActiveCfg = Release|Any CPU
		{C2975DA2-BCDD-4D68-9A2A-6B3051AE16A1}.Release|x64.Build.0 = Release|Any CPU
		{C2975DA2-BCDD-4D68-9A2A-6B3051AE16A1}.Release|x64.Deploy.0 = Release|Any CPU
		{C2975DA2-BCDD-4D68-9A2A-6B3051AE16A1}.Release|x86.ActiveCfg = Release|Any CPU
		{C2975DA2-BCDD-4D68-9A2A-6B3051AE16A1}.Release|x86.Build.0 = Release|Any CPU
		{C2975DA2-BCDD-4D68-9A2A-6B3051AE16A1}.Release|x86.Deploy.0 = Release|Any CPU
		{4059DA37-5C85-4012-8E0A-A9CB7C1374AC}.Ad-Hoc|Any CPU.ActiveCfg = Release|Any CPU
		{4059DA37-5C85-4012-8E0A-A9CB7C1374AC}.Ad-Hoc|Any CPU.Build.0 = Release|Any CPU
		{4059DA37-5C85-4012-8E0A-A9CB7C1374AC}.Ad-Hoc|ARM.ActiveCfg = Release|Any CPU
		{4059DA37-5C85-4012-8E0A-A9CB7C1374AC}.Ad-Hoc|ARM.Build.0 = Release|Any CPU
		{4059DA37-5C85-4012-8E0A-A9CB7C1374AC}.Ad-Hoc|iPhone.ActiveCfg = Release|Any CPU
		{4059DA37-5C85-4012-8E0A-A9CB7C1374AC}.Ad-Hoc|iPhone.Build.0 = Release|Any CPU
		{4059DA37-5C85-4012-8E0A-A9CB7C1374AC}.Ad-Hoc|iPhoneSimulator.ActiveCfg = Release|Any CPU
		{4059DA37-5C85-4012-8E0A-A9CB7C1374AC}.Ad-Hoc|iPhoneSimulator.Build.0 = Release|Any CPU
		{4059DA37-5C85-4012-8E0A-A9CB7C1374AC}.Ad-Hoc|x64.ActiveCfg = Release|Any CPU
		{4059DA37-5C85-4012-8E0A-A9CB7C1374AC}.Ad-Hoc|x64.Build.0 = Release|Any CPU
		{4059DA37-5C85-4012-8E0A-A9CB7C1374AC}.Ad-Hoc|x86.ActiveCfg = Release|Any CPU
		{4059DA37-5C85-4012-8E0A-A9CB7C1374AC}.Ad-Hoc|x86.Build.0 = Release|Any CPU
		{4059DA37-5C85-4012-8E0A-A9CB7C1374AC}.AppStore|Any CPU.ActiveCfg = Release|Any CPU
		{4059DA37-5C85-4012-8E0A-A9CB7C1374AC}.AppStore|Any CPU.Build.0 = Release|Any CPU
		{4059DA37-5C85-4012-8E0A-A9CB7C1374AC}.AppStore|ARM.ActiveCfg = Release|Any CPU
		{4059DA37-5C85-4012-8E0A-A9CB7C1374AC}.AppStore|ARM.Build.0 = Release|Any CPU
		{4059DA37-5C85-4012-8E0A-A9CB7C1374AC}.AppStore|iPhone.ActiveCfg = Release|Any CPU
		{4059DA37-5C85-4012-8E0A-A9CB7C1374AC}.AppStore|iPhone.Build.0 = Release|Any CPU
		{4059DA37-5C85-4012-8E0A-A9CB7C1374AC}.AppStore|iPhoneSimulator.ActiveCfg = Release|Any CPU
		{4059DA37-5C85-4012-8E0A-A9CB7C1374AC}.AppStore|iPhoneSimulator.Build.0 = Release|Any CPU
		{4059DA37-5C85-4012-8E0A-A9CB7C1374AC}.AppStore|x64.ActiveCfg = Release|Any CPU
		{4059DA37-5C85-4012-8E0A-A9CB7C1374AC}.AppStore|x64.Build.0 = Release|Any CPU
		{4059DA37-5C85-4012-8E0A-A9CB7C1374AC}.AppStore|x86.ActiveCfg = Release|Any CPU
		{4059DA37-5C85-4012-8E0A-A9CB7C1374AC}.AppStore|x86.Build.0 = Release|Any CPU
		{4059DA37-5C85-4012-8E0A-A9CB7C1374AC}.Debug|Any CPU.ActiveCfg = Debug|Any CPU
		{4059DA37-5C85-4012-8E0A-A9CB7C1374AC}.Debug|Any CPU.Build.0 = Debug|Any CPU
		{4059DA37-5C85-4012-8E0A-A9CB7C1374AC}.Debug|ARM.ActiveCfg = Debug|Any CPU
		{4059DA37-5C85-4012-8E0A-A9CB7C1374AC}.Debug|ARM.Build.0 = Debug|Any CPU
		{4059DA37-5C85-4012-8E0A-A9CB7C1374AC}.Debug|iPhone.ActiveCfg = Debug|Any CPU
		{4059DA37-5C85-4012-8E0A-A9CB7C1374AC}.Debug|iPhone.Build.0 = Debug|Any CPU
		{4059DA37-5C85-4012-8E0A-A9CB7C1374AC}.Debug|iPhoneSimulator.ActiveCfg = Debug|Any CPU
		{4059DA37-5C85-4012-8E0A-A9CB7C1374AC}.Debug|iPhoneSimulator.Build.0 = Debug|Any CPU
		{4059DA37-5C85-4012-8E0A-A9CB7C1374AC}.Debug|x64.ActiveCfg = Debug|Any CPU
		{4059DA37-5C85-4012-8E0A-A9CB7C1374AC}.Debug|x64.Build.0 = Debug|Any CPU
		{4059DA37-5C85-4012-8E0A-A9CB7C1374AC}.Debug|x86.ActiveCfg = Debug|Any CPU
		{4059DA37-5C85-4012-8E0A-A9CB7C1374AC}.Debug|x86.Build.0 = Debug|Any CPU
		{4059DA37-5C85-4012-8E0A-A9CB7C1374AC}.Release|Any CPU.ActiveCfg = Release|Any CPU
		{4059DA37-5C85-4012-8E0A-A9CB7C1374AC}.Release|Any CPU.Build.0 = Release|Any CPU
		{4059DA37-5C85-4012-8E0A-A9CB7C1374AC}.Release|ARM.ActiveCfg = Release|Any CPU
		{4059DA37-5C85-4012-8E0A-A9CB7C1374AC}.Release|ARM.Build.0 = Release|Any CPU
		{4059DA37-5C85-4012-8E0A-A9CB7C1374AC}.Release|iPhone.ActiveCfg = Release|Any CPU
		{4059DA37-5C85-4012-8E0A-A9CB7C1374AC}.Release|iPhone.Build.0 = Release|Any CPU
		{4059DA37-5C85-4012-8E0A-A9CB7C1374AC}.Release|iPhoneSimulator.ActiveCfg = Release|Any CPU
		{4059DA37-5C85-4012-8E0A-A9CB7C1374AC}.Release|iPhoneSimulator.Build.0 = Release|Any CPU
		{4059DA37-5C85-4012-8E0A-A9CB7C1374AC}.Release|x64.ActiveCfg = Release|Any CPU
		{4059DA37-5C85-4012-8E0A-A9CB7C1374AC}.Release|x64.Build.0 = Release|Any CPU
		{4059DA37-5C85-4012-8E0A-A9CB7C1374AC}.Release|x86.ActiveCfg = Release|Any CPU
		{4059DA37-5C85-4012-8E0A-A9CB7C1374AC}.Release|x86.Build.0 = Release|Any CPU
		{D7BE4B75-5F01-4954-BCA7-664F5E273214}.Ad-Hoc|Any CPU.ActiveCfg = Release|x86
		{D7BE4B75-5F01-4954-BCA7-664F5E273214}.Ad-Hoc|Any CPU.Build.0 = Release|x86
		{D7BE4B75-5F01-4954-BCA7-664F5E273214}.Ad-Hoc|Any CPU.Deploy.0 = Release|x86
		{D7BE4B75-5F01-4954-BCA7-664F5E273214}.Ad-Hoc|ARM.ActiveCfg = Release|ARM
		{D7BE4B75-5F01-4954-BCA7-664F5E273214}.Ad-Hoc|ARM.Build.0 = Release|ARM
		{D7BE4B75-5F01-4954-BCA7-664F5E273214}.Ad-Hoc|ARM.Deploy.0 = Release|ARM
		{D7BE4B75-5F01-4954-BCA7-664F5E273214}.Ad-Hoc|iPhone.ActiveCfg = Release|x86
		{D7BE4B75-5F01-4954-BCA7-664F5E273214}.Ad-Hoc|iPhone.Build.0 = Release|x86
		{D7BE4B75-5F01-4954-BCA7-664F5E273214}.Ad-Hoc|iPhone.Deploy.0 = Release|x86
		{D7BE4B75-5F01-4954-BCA7-664F5E273214}.Ad-Hoc|iPhoneSimulator.ActiveCfg = Release|x86
		{D7BE4B75-5F01-4954-BCA7-664F5E273214}.Ad-Hoc|iPhoneSimulator.Build.0 = Release|x86
		{D7BE4B75-5F01-4954-BCA7-664F5E273214}.Ad-Hoc|iPhoneSimulator.Deploy.0 = Release|x86
		{D7BE4B75-5F01-4954-BCA7-664F5E273214}.Ad-Hoc|x64.ActiveCfg = Release|x64
		{D7BE4B75-5F01-4954-BCA7-664F5E273214}.Ad-Hoc|x64.Build.0 = Release|x64
		{D7BE4B75-5F01-4954-BCA7-664F5E273214}.Ad-Hoc|x64.Deploy.0 = Release|x64
		{D7BE4B75-5F01-4954-BCA7-664F5E273214}.Ad-Hoc|x86.ActiveCfg = Release|x86
		{D7BE4B75-5F01-4954-BCA7-664F5E273214}.Ad-Hoc|x86.Build.0 = Release|x86
		{D7BE4B75-5F01-4954-BCA7-664F5E273214}.Ad-Hoc|x86.Deploy.0 = Release|x86
		{D7BE4B75-5F01-4954-BCA7-664F5E273214}.AppStore|Any CPU.ActiveCfg = Release|x86
		{D7BE4B75-5F01-4954-BCA7-664F5E273214}.AppStore|Any CPU.Build.0 = Release|x86
		{D7BE4B75-5F01-4954-BCA7-664F5E273214}.AppStore|Any CPU.Deploy.0 = Release|x86
		{D7BE4B75-5F01-4954-BCA7-664F5E273214}.AppStore|ARM.ActiveCfg = Release|ARM
		{D7BE4B75-5F01-4954-BCA7-664F5E273214}.AppStore|ARM.Build.0 = Release|ARM
		{D7BE4B75-5F01-4954-BCA7-664F5E273214}.AppStore|ARM.Deploy.0 = Release|ARM
		{D7BE4B75-5F01-4954-BCA7-664F5E273214}.AppStore|iPhone.ActiveCfg = Release|x86
		{D7BE4B75-5F01-4954-BCA7-664F5E273214}.AppStore|iPhone.Build.0 = Release|x86
		{D7BE4B75-5F01-4954-BCA7-664F5E273214}.AppStore|iPhone.Deploy.0 = Release|x86
		{D7BE4B75-5F01-4954-BCA7-664F5E273214}.AppStore|iPhoneSimulator.ActiveCfg = Release|x86
		{D7BE4B75-5F01-4954-BCA7-664F5E273214}.AppStore|iPhoneSimulator.Build.0 = Release|x86
		{D7BE4B75-5F01-4954-BCA7-664F5E273214}.AppStore|iPhoneSimulator.Deploy.0 = Release|x86
		{D7BE4B75-5F01-4954-BCA7-664F5E273214}.AppStore|x64.ActiveCfg = Release|x64
		{D7BE4B75-5F01-4954-BCA7-664F5E273214}.AppStore|x64.Build.0 = Release|x64
		{D7BE4B75-5F01-4954-BCA7-664F5E273214}.AppStore|x64.Deploy.0 = Release|x64
		{D7BE4B75-5F01-4954-BCA7-664F5E273214}.AppStore|x86.ActiveCfg = Release|x86
		{D7BE4B75-5F01-4954-BCA7-664F5E273214}.AppStore|x86.Build.0 = Release|x86
		{D7BE4B75-5F01-4954-BCA7-664F5E273214}.AppStore|x86.Deploy.0 = Release|x86
		{D7BE4B75-5F01-4954-BCA7-664F5E273214}.Debug|Any CPU.ActiveCfg = Debug|x86
		{D7BE4B75-5F01-4954-BCA7-664F5E273214}.Debug|ARM.ActiveCfg = Debug|ARM
		{D7BE4B75-5F01-4954-BCA7-664F5E273214}.Debug|ARM.Build.0 = Debug|ARM
		{D7BE4B75-5F01-4954-BCA7-664F5E273214}.Debug|ARM.Deploy.0 = Debug|ARM
		{D7BE4B75-5F01-4954-BCA7-664F5E273214}.Debug|iPhone.ActiveCfg = Debug|x86
		{D7BE4B75-5F01-4954-BCA7-664F5E273214}.Debug|iPhoneSimulator.ActiveCfg = Debug|x86
		{D7BE4B75-5F01-4954-BCA7-664F5E273214}.Debug|x64.ActiveCfg = Debug|x64
		{D7BE4B75-5F01-4954-BCA7-664F5E273214}.Debug|x64.Build.0 = Debug|x64
		{D7BE4B75-5F01-4954-BCA7-664F5E273214}.Debug|x64.Deploy.0 = Debug|x64
		{D7BE4B75-5F01-4954-BCA7-664F5E273214}.Debug|x86.ActiveCfg = Debug|x86
		{D7BE4B75-5F01-4954-BCA7-664F5E273214}.Debug|x86.Build.0 = Debug|x86
		{D7BE4B75-5F01-4954-BCA7-664F5E273214}.Debug|x86.Deploy.0 = Debug|x86
		{D7BE4B75-5F01-4954-BCA7-664F5E273214}.Release|Any CPU.ActiveCfg = Release|x86
		{D7BE4B75-5F01-4954-BCA7-664F5E273214}.Release|ARM.ActiveCfg = Release|ARM
		{D7BE4B75-5F01-4954-BCA7-664F5E273214}.Release|ARM.Build.0 = Release|ARM
		{D7BE4B75-5F01-4954-BCA7-664F5E273214}.Release|ARM.Deploy.0 = Release|ARM
		{D7BE4B75-5F01-4954-BCA7-664F5E273214}.Release|iPhone.ActiveCfg = Release|x86
		{D7BE4B75-5F01-4954-BCA7-664F5E273214}.Release|iPhoneSimulator.ActiveCfg = Release|x86
		{D7BE4B75-5F01-4954-BCA7-664F5E273214}.Release|x64.ActiveCfg = Release|x64
		{D7BE4B75-5F01-4954-BCA7-664F5E273214}.Release|x64.Build.0 = Release|x64
		{D7BE4B75-5F01-4954-BCA7-664F5E273214}.Release|x64.Deploy.0 = Release|x64
		{D7BE4B75-5F01-4954-BCA7-664F5E273214}.Release|x86.ActiveCfg = Release|x86
		{D7BE4B75-5F01-4954-BCA7-664F5E273214}.Release|x86.Build.0 = Release|x86
		{D7BE4B75-5F01-4954-BCA7-664F5E273214}.Release|x86.Deploy.0 = Release|x86
		{EA2BFE4E-F053-4D91-94F1-A5C096BF96F4}.Ad-Hoc|Any CPU.ActiveCfg = Ad-Hoc|iPhone
		{EA2BFE4E-F053-4D91-94F1-A5C096BF96F4}.Ad-Hoc|ARM.ActiveCfg = Ad-Hoc|iPhone
		{EA2BFE4E-F053-4D91-94F1-A5C096BF96F4}.Ad-Hoc|iPhone.ActiveCfg = Ad-Hoc|iPhone
		{EA2BFE4E-F053-4D91-94F1-A5C096BF96F4}.Ad-Hoc|iPhone.Build.0 = Ad-Hoc|iPhone
		{EA2BFE4E-F053-4D91-94F1-A5C096BF96F4}.Ad-Hoc|iPhoneSimulator.ActiveCfg = Ad-Hoc|iPhoneSimulator
		{EA2BFE4E-F053-4D91-94F1-A5C096BF96F4}.Ad-Hoc|iPhoneSimulator.Build.0 = Ad-Hoc|iPhoneSimulator
		{EA2BFE4E-F053-4D91-94F1-A5C096BF96F4}.Ad-Hoc|x64.ActiveCfg = Ad-Hoc|iPhone
		{EA2BFE4E-F053-4D91-94F1-A5C096BF96F4}.Ad-Hoc|x86.ActiveCfg = Ad-Hoc|iPhone
		{EA2BFE4E-F053-4D91-94F1-A5C096BF96F4}.AppStore|Any CPU.ActiveCfg = AppStore|iPhone
		{EA2BFE4E-F053-4D91-94F1-A5C096BF96F4}.AppStore|ARM.ActiveCfg = AppStore|iPhone
		{EA2BFE4E-F053-4D91-94F1-A5C096BF96F4}.AppStore|iPhone.ActiveCfg = AppStore|iPhone
		{EA2BFE4E-F053-4D91-94F1-A5C096BF96F4}.AppStore|iPhone.Build.0 = AppStore|iPhone
		{EA2BFE4E-F053-4D91-94F1-A5C096BF96F4}.AppStore|iPhoneSimulator.ActiveCfg = AppStore|iPhoneSimulator
		{EA2BFE4E-F053-4D91-94F1-A5C096BF96F4}.AppStore|iPhoneSimulator.Build.0 = AppStore|iPhoneSimulator
		{EA2BFE4E-F053-4D91-94F1-A5C096BF96F4}.AppStore|x64.ActiveCfg = AppStore|iPhone
		{EA2BFE4E-F053-4D91-94F1-A5C096BF96F4}.AppStore|x86.ActiveCfg = AppStore|iPhone
		{EA2BFE4E-F053-4D91-94F1-A5C096BF96F4}.Debug|Any CPU.ActiveCfg = Debug|iPhone
		{EA2BFE4E-F053-4D91-94F1-A5C096BF96F4}.Debug|ARM.ActiveCfg = Debug|iPhone
		{EA2BFE4E-F053-4D91-94F1-A5C096BF96F4}.Debug|iPhone.ActiveCfg = Debug|iPhone
		{EA2BFE4E-F053-4D91-94F1-A5C096BF96F4}.Debug|iPhone.Build.0 = Debug|iPhone
		{EA2BFE4E-F053-4D91-94F1-A5C096BF96F4}.Debug|iPhoneSimulator.ActiveCfg = Debug|iPhoneSimulator
		{EA2BFE4E-F053-4D91-94F1-A5C096BF96F4}.Debug|iPhoneSimulator.Build.0 = Debug|iPhoneSimulator
		{EA2BFE4E-F053-4D91-94F1-A5C096BF96F4}.Debug|x64.ActiveCfg = Debug|iPhone
		{EA2BFE4E-F053-4D91-94F1-A5C096BF96F4}.Debug|x86.ActiveCfg = Debug|iPhone
		{EA2BFE4E-F053-4D91-94F1-A5C096BF96F4}.Release|Any CPU.ActiveCfg = Release|iPhone
		{EA2BFE4E-F053-4D91-94F1-A5C096BF96F4}.Release|ARM.ActiveCfg = Release|iPhone
		{EA2BFE4E-F053-4D91-94F1-A5C096BF96F4}.Release|iPhone.ActiveCfg = Release|iPhone
		{EA2BFE4E-F053-4D91-94F1-A5C096BF96F4}.Release|iPhone.Build.0 = Release|iPhone
		{EA2BFE4E-F053-4D91-94F1-A5C096BF96F4}.Release|iPhoneSimulator.ActiveCfg = Release|iPhoneSimulator
		{EA2BFE4E-F053-4D91-94F1-A5C096BF96F4}.Release|iPhoneSimulator.Build.0 = Release|iPhoneSimulator
		{EA2BFE4E-F053-4D91-94F1-A5C096BF96F4}.Release|x64.ActiveCfg = Release|iPhone
		{EA2BFE4E-F053-4D91-94F1-A5C096BF96F4}.Release|x86.ActiveCfg = Release|iPhone
	EndGlobalSection
	GlobalSection(SolutionProperties) = preSolution
		HideSolutionNode = FALSE
	EndGlobalSection
EndGlobal
